
Microsoft Visual Studio Solution File, Format Version 12.00
# Visual Studio Version 17
VisualStudioVersion = 17.10.35004.147
MinimumVisualStudioVersion = 10.0.40219.1
Project("{F184B08F-C81C-45F6-A57F-5ABD9991F28F}") = "AdditionApp", "AdditionApp\AdditionApp.vbproj", "{096B8493-8587-42DB-BEDA-029E63684231}"
EndProject
Global
	GlobalSection(SolutionConfigurationPlatforms) = preSolution
		Debug|Any CPU = Debug|Any CPU
		Release|Any CPU = Release|Any CPU
	EndGlobalSection
	GlobalSection(ProjectConfigurationPlatforms) = postSolution
		{096B8493-8587-42DB-BEDA-029E63684231}.Debug|Any CPU.ActiveCfg = Debug|Any CPU
		{096B8493-8587-42DB-BEDA-029E63684231}.Debug|Any CPU.Build.0 = Debug|Any CPU
		{096B8493-8587-42DB-BEDA-029E63684231}.Release|Any CPU.ActiveCfg = Release|Any CPU
		{096B8493-8587-42DB-BEDA-029E63684231}.Release|Any CPU.Build.0 = Release|Any CPU
	EndGlobalSection
	GlobalSection(SolutionProperties) = preSolution
		HideSolutionNode = FALSE
	EndGlobalSection
	GlobalSection(ExtensibilityGlobals) = postSolution
		SolutionGuid = {EC1C74F8-7CAE-4CFA-A4B9-55C1D29DEF31}
	EndGlobalSection
EndGlobal
